
Microsoft Visual Studio Solution File, Format Version 12.00
# Visual Studio Version 17
VisualStudioVersion = 17.6.33723.286
MinimumVisualStudioVersion = 10.0.40219.1
Project("{FAE04EC0-301F-11D3-BF4B-00C04F79EFBC}") = "CourseApp", "CourseApp\CourseApp.csproj", "{593ACBF6-998A-4921-B239-C159A12C9BDC}"
EndProject
Project("{FAE04EC0-301F-11D3-BF4B-00C04F79EFBC}") = "Domain", "Domain\Domain.csproj", "{7442156D-D27B-41BE-BE57-B94E371E7A0F}"
EndProject
Project("{FAE04EC0-301F-11D3-BF4B-00C04F79EFBC}") = "Repository", "Repository\Repository.csproj", "{3CF572A8-CB1F-473E-BD84-503110FED027}"
EndProject
Project("{FAE04EC0-301F-11D3-BF4B-00C04F79EFBC}") = "Service", "Service\Service.csproj", "{753EB174-EA53-4EDF-AE23-E206E901B3FF}"
EndProject
Global
	GlobalSection(SolutionConfigurationPlatforms) = preSolution
		Debug|Any CPU = Debug|Any CPU
		Release|Any CPU = Release|Any CPU
	EndGlobalSection
	GlobalSection(ProjectConfigurationPlatforms) = postSolution
		{593ACBF6-998A-4921-B239-C159A12C9BDC}.Debug|Any CPU.ActiveCfg = Debug|Any CPU
		{593ACBF6-998A-4921-B239-C159A12C9BDC}.Debug|Any CPU.Build.0 = Debug|Any CPU
		{593ACBF6-998A-4921-B239-C159A12C9BDC}.Release|Any CPU.ActiveCfg = Release|Any CPU
		{593ACBF6-998A-4921-B239-C159A12C9BDC}.Release|Any CPU.Build.0 = Release|Any CPU
		{7442156D-D27B-41BE-BE57-B94E371E7A0F}.Debug|Any CPU.ActiveCfg = Debug|Any CPU
		{7442156D-D27B-41BE-BE57-B94E371E7A0F}.Debug|Any CPU.Build.0 = Debug|Any CPU
		{7442156D-D27B-41BE-BE57-B94E371E7A0F}.Release|Any CPU.ActiveCfg = Release|Any CPU
		{7442156D-D27B-41BE-BE57-B94E371E7A0F}.Release|Any CPU.Build.0 = Release|Any CPU
		{3CF572A8-CB1F-473E-BD84-503110FED027}.Debug|Any CPU.ActiveCfg = Debug|Any CPU
		{3CF572A8-CB1F-473E-BD84-503110FED027}.Debug|Any CPU.Build.0 = Debug|Any CPU
		{3CF572A8-CB1F-473E-BD84-503110FED027}.Release|Any CPU.ActiveCfg = Release|Any CPU
		{3CF572A8-CB1F-473E-BD84-503110FED027}.Release|Any CPU.Build.0 = Release|Any CPU
		{753EB174-EA53-4EDF-AE23-E206E901B3FF}.Debug|Any CPU.ActiveCfg = Debug|Any CPU
		{753EB174-EA53-4EDF-AE23-E206E901B3FF}.Debug|Any CPU.Build.0 = Debug|Any CPU
		{753EB174-EA53-4EDF-AE23-E206E901B3FF}.Release|Any CPU.ActiveCfg = Release|Any CPU
		{753EB174-EA53-4EDF-AE23-E206E901B3FF}.Release|Any CPU.Build.0 = Release|Any CPU
	EndGlobalSection
	GlobalSection(SolutionProperties) = preSolution
		HideSolutionNode = FALSE
	EndGlobalSection
	GlobalSection(ExtensibilityGlobals) = postSolution
		SolutionGuid = {D2444F2C-543F-4CF5-A059-AB58DDEE324A}
	EndGlobalSection
EndGlobal
